# THIS IS AN AUTOGENERATED FILE. DO NOT EDIT THIS FILE DIRECTLY.
# yarn lockfile v1


tailwindcss-animatecss@^0.1.0:
  version "0.1.0"
  resolved "https://registry.yarnpkg.com/tailwindcss-animatecss/-/tailwindcss-animatecss-0.1.0.tgz#4a8d6236e9514c8ffb8f0663fe09ff009a373628"
  integrity sha512-kaUg8HNjJh+uxyvw+mO9/jXPAckEqecfWaDadCmgBuZldD0k/CjH5LHOEME64AqnEmYA4b1RpxzKUk1eNITgqQ==
