# THIS IS AN AUTOGENERATED FILE. DO NOT EDIT THIS FILE DIRECTLY.
# yarn lockfile v1


"@babel/runtime@^7.0.0":
  version "7.5.5"
  resolved "https://registry.yarnpkg.com/@babel/runtime/-/runtime-7.5.5.tgz#74fba56d35efbeca444091c7850ccd494fd2f132"
  integrity sha512-28QvEGyQyNkB0/m2B4FU7IEZGK2NUrcMtT6BZEFALTguLk+AUT6ofsHtPk5QyjAdUkpMJ+/Em+quwz4HOt30AQ==
  dependencies:
    regenerator-runtime "^0.13.2"

dotenv@^8.0.0:
  version "8.0.0"
  resolved "https://registry.yarnpkg.com/dotenv/-/dotenv-8.0.0.tgz#ed310c165b4e8a97bb745b0a9d99c31bda566440"
  integrity sha512-30xVGqjLjiUOArT4+M5q9sYdvuR4riM6yK9wMcas9Vbp6zZa+ocC9dp6QoftuhTPhFAiLK/0C5Ni2nou/Bk8lg==

gatsby-plugin-facebook-analytics@^2.2.2:
  version "2.2.2"
  resolved "https://registry.yarnpkg.com/gatsby-plugin-facebook-analytics/-/gatsby-plugin-facebook-analytics-2.2.2.tgz#3b1ba159da13442cd5098766d2c075c980435da2"
  integrity sha512-ZIvuKr0V1QrsbiWHYnkDUUA1ad1dArHRQHJkC95olmXHY736jMG1kHnbWyc4UGN1Q1Qrg1TZQWYd6SSOZFRe3g==
  dependencies:
    "@babel/runtime" "^7.0.0"

gatsby-plugin-google-analytics@^2.1.4:
  version "2.1.4"
  resolved "https://registry.yarnpkg.com/gatsby-plugin-google-analytics/-/gatsby-plugin-google-analytics-2.1.4.tgz#f0b64900e125cef03e930332c45063ece8263206"
  integrity sha512-TyCazAUVMfMy6U/dHtXYLg9FTS7PtOBrRZkpp0Pdqe2M9qA10xG54JZpjJcLGUkZr5oeZPjNAvoiVyatrTcWiw==
  dependencies:
    "@babel/runtime" "^7.0.0"

gatsby-plugin-google-fonts@^1.0.1:
  version "1.0.1"
  resolved "https://registry.yarnpkg.com/gatsby-plugin-google-fonts/-/gatsby-plugin-google-fonts-1.0.1.tgz#d71054f7bf207b9a8da227380369e18e6f4e0201"
  integrity sha512-p1NVkn27GUnDA5qHM+Z4cCcLCJIardzZXMon3640sT4xuL/AZJbsx3HEt2KY/5oZu0UXIkytkxzV2Da4rQeUIg==

install@^0.13.0:
  version "0.13.0"
  resolved "https://registry.yarnpkg.com/install/-/install-0.13.0.tgz#6af6e9da9dd0987de2ab420f78e60d9c17260776"
  integrity sha512-zDml/jzr2PKU9I8J/xyZBQn8rPCAY//UOYNmR01XwNwyfhEWObo2SWfSl1+0tm1u6PhxLwDnfsT/6jB7OUxqFA==

regenerator-runtime@^0.13.2:
  version "0.13.2"
  resolved "https://registry.yarnpkg.com/regenerator-runtime/-/regenerator-runtime-0.13.2.tgz#32e59c9a6fb9b1a4aff09b4930ca2d4477343447"
  integrity sha512-S/TQAZJO+D3m9xeN1WTI8dLKBBiRgXBlTJvbWjCThHWZj9EvHK70Ff50/tYj2J/fvBY6JtFVwRuazHN2E7M9BA==
